// !$*UTF8*$!
{
	archiveVersion = 1;
	classes = {
	};
	objectVersion = 46;
	objects = {

/* Begin PBXBuildFile section */
		385ECCDC1BF87ABB004568B7 /* AppDelegate.swift in Sources */ = {isa = PBXBuildFile; fileRef = 385ECCDB1BF87ABB004568B7 /* AppDelegate.swift */; };
		385ECCDE1BF87ABB004568B7 /* ViewController.swift in Sources */ = {isa = PBXBuildFile; fileRef = 385ECCDD1BF87ABB004568B7 /* ViewController.swift */; };
		385ECCE11BF87ABC004568B7 /* Main.storyboard in Resources */ = {isa = PBXBuildFile; fileRef = 385ECCDF1BF87ABC004568B7 /* Main.storyboard */; };
		385ECCE31BF87ABC004568B7 /* Assets.xcassets in Resources */ = {isa = PBXBuildFile; fileRef = 385ECCE21BF87ABC004568B7 /* Assets.xcassets */; };
		385ECCE61BF87ABC004568B7 /* LaunchScreen.storyboard in Resources */ = {isa = PBXBuildFile; fileRef = 385ECCE41BF87ABC004568B7 /* LaunchScreen.storyboard */; };
		385ECCEF1BF87E22004568B7 /* AppPickerView.swift in Sources */ = {isa = PBXBuildFile; fileRef = 385ECCEE1BF87E22004568B7 /* AppPickerView.swift */; };
		385ECCF11BF8D7D7004568B7 /* AppDatePicker.swift in Sources */ = {isa = PBXBuildFile; fileRef = 385ECCF01BF8D7D7004568B7 /* AppDatePicker.swift */; };
		385ECCF41BFAC953004568B7 /* LICENSE in Resources */ = {isa = PBXBuildFile; fileRef = 385ECCF21BFAC953004568B7 /* LICENSE */; };
		385ECCF51BFAC953004568B7 /* README.md in Sources */ = {isa = PBXBuildFile; fileRef = 385ECCF31BFAC953004568B7 /* README.md */; };
/* End PBXBuildFile section */

/* Begin PBXFileReference section */
		385ECCD81BF87ABB004568B7 /* PickerSample.app */ = {isa = PBXFileReference; explicitFileType = wrapper.application; includeInIndex = 0; path = PickerSample.app; sourceTree = BUILT_PRODUCTS_DIR; };
		385ECCDB1BF87ABB004568B7 /* AppDelegate.swift */ = {isa = PBXFileReference; lastKnownFileType = sourcecode.swift; path = AppDelegate.swift; sourceTree = "<group>"; };
		385ECCDD1BF87ABB004568B7 /* ViewController.swift */ = {isa = PBXFileReference; lastKnownFileType = sourcecode.swift; path = ViewController.swift; sourceTree = "<group>"; };
		385ECCE01BF87ABC004568B7 /* Base */ = {isa = PBXFileReference; lastKnownFileType = file.storyboard; name = Base; path = Base.lproj/Main.storyboard; sourceTree = "<group>"; };
		385ECCE21BF87ABC004568B7 /* Assets.xcassets */ = {isa = PBXFileReference; lastKnownFileType = folder.assetcatalog; path = Assets.xcassets; sourceTree = "<group>"; };
		385ECCE51BF87ABC004568B7 /* Base */ = {isa = PBXFileReference; lastKnownFileType = file.storyboard; name = Base; path = Base.lproj/LaunchScreen.storyboard; sourceTree = "<group>"; };
		385ECCE71BF87ABC004568B7 /* Info.plist */ = {isa = PBXFileReference; lastKnownFileType = text.plist.xml; path = Info.plist; sourceTree = "<group>"; };
		385ECCEE1BF87E22004568B7 /* AppPickerView.swift */ = {isa = PBXFileReference; fileEncoding = 4; lastKnownFileType = sourcecode.swift; path = AppPickerView.swift; sourceTree = "<group>"; };
		385ECCF01BF8D7D7004568B7 /* AppDatePicker.swift */ = {isa = PBXFileReference; fileEncoding = 4; lastKnownFileType = sourcecode.swift; path = AppDatePicker.swift; sourceTree = "<group>"; };
		385ECCF21BFAC953004568B7 /* LICENSE */ = {isa = PBXFileReference; fileEncoding = 4; lastKnownFileType = text; path = LICENSE; sourceTree = "<group>"; };
		385ECCF31BFAC953004568B7 /* README.md */ = {isa = PBXFileReference; fileEncoding = 4; lastKnownFileType = net.daringfireball.markdown; path = README.md; sourceTree = "<group>"; };
/* End PBXFileReference section */

/* Begin PBXFrameworksBuildPhase section */
		385ECCD51BF87ABB004568B7 /* Frameworks */ = {
			isa = PBXFrameworksBuildPhase;
			buildActionMask = 2147483647;
			files = (
			);
			runOnlyForDeploymentPostprocessing = 0;
		};
/* End PBXFrameworksBuildPhase section */

/* Begin PBXGroup section */
		385ECCCF1BF87ABB004568B7 = {
			isa = PBXGroup;
			children = (
				385ECCF21BFAC953004568B7 /* LICENSE */,
				385ECCF31BFAC953004568B7 /* README.md */,
				385ECCDA1BF87ABB004568B7 /* PickerSample */,
				385ECCD91BF87ABB004568B7 /* Products */,
			);
			sourceTree = "<group>";
		};
		385ECCD91BF87ABB004568B7 /* Products */ = {
			isa = PBXGroup;
			children = (
				385ECCD81BF87ABB004568B7 /* PickerSample.app */,
			);
			name = Products;
			sourceTree = "<group>";
		};
		385ECCDA1BF87ABB004568B7 /* PickerSample */ = {
			isa = PBXGroup;
			children = (
				385ECCED1BF87D64004568B7 /* ui */,
				385ECCDB1BF87ABB004568B7 /* AppDelegate.swift */,
				385ECCDD1BF87ABB004568B7 /* ViewController.swift */,
				385ECCDF1BF87ABC004568B7 /* Main.storyboard */,
				385ECCE21BF87ABC004568B7 /* Assets.xcassets */,
				385ECCE41BF87ABC004568B7 /* LaunchScreen.storyboard */,
				385ECCE71BF87ABC004568B7 /* Info.plist */,
			);
			path = PickerSample;
			sourceTree = "<group>";
		};
		385ECCED1BF87D64004568B7 /* ui */ = {
			isa = PBXGroup;
			children = (
				385ECCEE1BF87E22004568B7 /* AppPickerView.swift */,
				385ECCF01BF8D7D7004568B7 /* AppDatePicker.swift */,
			);
			path = ui;
			sourceTree = "<group>";
		};
/* End PBXGroup section */

/* Begin PBXNativeTarget section */
		385ECCD71BF87ABB004568B7 /* PickerSample */ = {
			isa = PBXNativeTarget;
			buildConfigurationList = 385ECCEA1BF87ABC004568B7 /* Build configuration list for PBXNativeTarget "PickerSample" */;
			buildPhases = (
				385ECCD41BF87ABB004568B7 /* Sources */,
				385ECCD51BF87ABB004568B7 /* Frameworks */,
				385ECCD61BF87ABB004568B7 /* Resources */,
			);
			buildRules = (
			);
			dependencies = (
			);
			name = PickerSample;
			productName = PickerSample;
			productReference = 385ECCD81BF87ABB004568B7 /* PickerSample.app */;
			productType = "com.apple.product-type.application";
		};
/* End PBXNativeTarget section */

/* Begin PBXProject section */
		385ECCD01BF87ABB004568B7 /* Project object */ = {
			isa = PBXProject;
			attributes = {
				LastSwiftUpdateCheck = 0710;
				LastUpgradeCheck = 0710;
				ORGANIZATIONNAME = "";
				TargetAttributes = {
					385ECCD71BF87ABB004568B7 = {
						CreatedOnToolsVersion = 7.1;
					};
				};
			};
			buildConfigurationList = 385ECCD31BF87ABB004568B7 /* Build configuration list for PBXProject "PickerSample" */;
			compatibilityVersion = "Xcode 3.2";
			developmentRegion = English;
			hasScannedForEncodings = 0;
			knownRegions = (
				en,
				Base,
			);
			mainGroup = 385ECCCF1BF87ABB004568B7;
			productRefGroup = 385ECCD91BF87ABB004568B7 /* Products */;
			projectDirPath = "";
			projectRoot = "";
			targets = (
				385ECCD71BF87ABB004568B7 /* PickerSample */,
			);
		};
/* End PBXProject section */

/* Begin PBXResourcesBuildPhase section */
		385ECCD61BF87ABB004568B7 /* Resources */ = {
			isa = PBXResourcesBuildPhase;
			buildActionMask = 2147483647;
			files = (
				385ECCE61BF87ABC004568B7 /* LaunchScreen.storyboard in Resources */,
				385ECCE31BF87ABC004568B7 /* Assets.xcassets in Resources */,
				385ECCF41BFAC953004568B7 /* LICENSE in Resources */,
				385ECCE11BF87ABC004568B7 /* Main.storyboard in Resources */,
			);
			runOnlyForDeploymentPostprocessing = 0;
		};
/* End PBXResourcesBuildPhase section */

/* Begin PBXSourcesBuildPhase section */
		385ECCD41BF87ABB004568B7 /* Sources */ = {
			isa = PBXSourcesBuildPhase;
			buildActionMask = 2147483647;
			files = (
				385ECCDE1BF87ABB004568B7 /* ViewController.swift in Sources */,
				385ECCEF1BF87E22004568B7 /* AppPickerView.swift in Sources */,
				385ECCF51BFAC953004568B7 /* README.md in Sources */,
				385ECCDC1BF87ABB004568B7 /* AppDelegate.swift in Sources */,
				385ECCF11BF8D7D7004568B7 /* AppDatePicker.swift in Sources */,
			);
			runOnlyForDeploymentPostprocessing = 0;
		};
/* End PBXSourcesBuildPhase section */

/* Begin PBXVariantGroup section */
		385ECCDF1BF87ABC004568B7 /* Main.storyboard */ = {
			isa = PBXVariantGroup;
			children = (
				385ECCE01BF87ABC004568B7 /* Base */,
			);
			name = Main.storyboard;
			sourceTree = "<group>";
		};
		385ECCE41BF87ABC004568B7 /* LaunchScreen.storyboard */ = {
			isa = PBXVariantGroup;
			children = (
				385ECCE51BF87ABC004568B7 /* Base */,
			);
			name = LaunchScreen.storyboard;
			sourceTree = "<group>";
		};
/* End PBXVariantGroup section */

/* Begin XCBuildConfiguration section */
		385ECCE81BF87ABC004568B7 /* Debug */ = {
			isa = XCBuildConfiguration;
			buildSettings = {
				ALWAYS_SEARCH_USER_PATHS = NO;
				CLANG_CXX_LANGUAGE_STANDARD = "gnu++0x";
				CLANG_CXX_LIBRARY = "libc++";
				CLANG_ENABLE_MODULES = YES;
				CLANG_ENABLE_OBJC_ARC = YES;
				CLANG_WARN_BOOL_CONVERSION = YES;
				CLANG_WARN_CONSTANT_CONVERSION = YES;
				CLANG_WARN_DIRECT_OBJC_ISA_USAGE = YES_ERROR;
				CLANG_WARN_EMPTY_BODY = YES;
				CLANG_WARN_ENUM_CONVERSION = YES;
				CLANG_WARN_INT_CONVERSION = YES;
				CLANG_WARN_OBJC_ROOT_CLASS = YES_ERROR;
				CLANG_WARN_UNREACHABLE_CODE = YES;
				CLANG_WARN__DUPLICATE_METHOD_MATCH = YES;
				"CODE_SIGN_IDENTITY[sdk=iphoneos*]" = "iPhone Developer";
				COPY_PHASE_STRIP = NO;
				DEBUG_INFORMATION_FORMAT = dwarf;
				ENABLE_STRICT_OBJC_MSGSEND = YES;
				ENABLE_TESTABILITY = YES;
				GCC_C_LANGUAGE_STANDARD = gnu99;
				GCC_DYNAMIC_NO_PIC = NO;
				GCC_NO_COMMON_BLOCKS = YES;
				GCC_OPTIMIZATION_LEVEL = 0;
				GCC_PREPROCESSOR_DEFINITIONS = (
					"DEBUG=1",
					"$(inherited)",
				);
				GCC_WARN_64_TO_32_BIT_CONVERSION = YES;
				GCC_WARN_ABOUT_RETURN_TYPE = YES_ERROR;
				GCC_WARN_UNDECLARED_SELECTOR = YES;
				GCC_WARN_UNINITIALIZED_AUTOS = YES_AGGRESSIVE;
				GCC_WARN_UNUSED_FUNCTION = YES;
				GCC_WARN_UNUSED_VARIABLE = YES;
				IPHONEOS_DEPLOYMENT_TARGET = 9.1;
				MTL_ENABLE_DEBUG_INFO = YES;
				ONLY_ACTIVE_ARCH = YES;
				SDKROOT = iphoneos;
				SWIFT_OPTIMIZATION_LEVEL = "-Onone";
			};
			name = Debug;
		};
		385ECCE91BF87ABC004568B7 /* Release */ = {
			isa = XCBuildConfiguration;
			buildSettings = {
				ALWAYS_SEARCH_USER_PATHS = NO;
				CLANG_CXX_LANGUAGE_STANDARD = "gnu++0x";
				CLANG_CXX_LIBRARY = "libc++";
				CLANG_ENABLE_MODULES = YES;
				CLANG_ENABLE_OBJC_ARC = YES;
				CLANG_WARN_BOOL_CONVERSION = YES;
				CLANG_WARN_CONSTANT_CONVERSION = YES;
				CLANG_WARN_DIRECT_OBJC_ISA_USAGE = YES_ERROR;
				CLANG_WARN_EMPTY_BODY = YES;
				CLANG_WARN_ENUM_CONVERSION = YES;
				CLANG_WARN_INT_CONVERSION = YES;
				CLANG_WARN_OBJC_ROOT_CLASS = YES_ERROR;
				CLANG_WARN_UNREACHABLE_CODE = YES;
				CLANG_WARN__DUPLICATE_METHOD_MATCH = YES;
				"CODE_SIGN_IDENTITY[sdk=iphoneos*]" = "iPhone Developer";
				COPY_PHASE_STRIP = NO;
				DEBUG_INFORMATION_FORMAT = "dwarf-with-dsym";
				ENABLE_NS_ASSERTIONS = NO;
				ENABLE_STRICT_OBJC_MSGSEND = YES;
				GCC_C_LANGUAGE_STANDARD = gnu99;
				GCC_NO_COMMON_BLOCKS = YES;
				GCC_WARN_64_TO_32_BIT_CONVERSION = YES;
				GCC_WARN_ABOUT_RETURN_TYPE = YES_ERROR;
				GCC_WARN_UNDECLARED_SELECTOR = YES;
				GCC_WARN_UNINITIALIZED_AUTOS = YES_AGGRESSIVE;
				GCC_WARN_UNUSED_FUNCTION = YES;
				GCC_WARN_UNUSED_VARIABLE = YES;
				IPHONEOS_DEPLOYMENT_TARGET = 9.1;
				MTL_ENABLE_DEBUG_INFO = NO;
				SDKROOT = iphoneos;
				VALIDATE_PRODUCT = YES;
			};
			name = Release;
		};
		385ECCEB1BF87ABC004568B7 /* Debug */ = {
			isa = XCBuildConfiguration;
			buildSettings = {
				ASSETCATALOG_COMPILER_APPICON_NAME = AppIcon;
				INFOPLIST_FILE = PickerSample/Info.plist;
				LD_RUNPATH_SEARCH_PATHS = "$(inherited) @executable_path/Frameworks";
				PRODUCT_BUNDLE_IDENTIFIER = local.PickerSample;
				PRODUCT_NAME = "$(TARGET_NAME)";
			};
			name = Debug;
		};
		385ECCEC1BF87ABC004568B7 /* Release */ = {
			isa = XCBuildConfiguration;
			buildSettings = {
				ASSETCATALOG_COMPILER_APPICON_NAME = AppIcon;
				INFOPLIST_FILE = PickerSample/Info.plist;
				LD_RUNPATH_SEARCH_PATHS = "$(inherited) @executable_path/Frameworks";
				PRODUCT_BUNDLE_IDENTIFIER = local.PickerSample;
				PRODUCT_NAME = "$(TARGET_NAME)";
			};
			name = Release;
		};
/* End XCBuildConfiguration section */

/* Begin XCConfigurationList section */
		385ECCD31BF87ABB004568B7 /* Build configuration list for PBXProject "PickerSample" */ = {
			isa = XCConfigurationList;
			buildConfigurations = (
				385ECCE81BF87ABC004568B7 /* Debug */,
				385ECCE91BF87ABC004568B7 /* Release */,
			);
			defaultConfigurationIsVisible = 0;
			defaultConfigurationName = Release;
		};
		385ECCEA1BF87ABC004568B7 /* Build configuration list for PBXNativeTarget "PickerSample" */ = {
			isa = XCConfigurationList;
			buildConfigurations = (
				385ECCEB1BF87ABC004568B7 /* Debug */,
				385ECCEC1BF87ABC004568B7 /* Release */,
			);
			defaultConfigurationIsVisible = 0;
			defaultConfigurationName = Release;
		};
/* End XCConfigurationList section */
	};
	rootObject = 385ECCD01BF87ABB004568B7 /* Project object */;
}
